{
  "name": "@zodiacxxx/tea-xyz-quest",
  "version": "1.0.1",
  "lockfileVersion": 3,
  "requires": true,
  "packages": {
    "": {
      "name": "@zodiacxxx/tea-xyz-quest",
      "version": "1.0.1",
      "license": "ISC",
      "dependencies": {
        "zodiacxxx": "^1.0.1"
      }
    }
  }
}
