{
  "name": "@zodiacxxx/tea-xyz-quest",
  "version": "1.0.4",
  "lockfileVersion": 3,
  "requires": true,
  "packages": {
    "": {
      "name": "@zodiacxxx/tea-xyz-quest",
      "version": "1.0.4",
      "license": "ISC",
      "dependencies": {
        "@zodiacxxx/tea-xyz-quest": "^1.0.0"
      }
    }
  }
}
